
Microsoft Visual Studio Solution File, Format Version 12.00
# Visual Studio Version 16
VisualStudioVersion = 16.0.31402.337
MinimumVisualStudioVersion = 10.0.40219.1
Project("{FAE04EC0-301F-11D3-BF4B-00C04F79EFBC}") = "BatchFolderStarter", "BatchFolderStarter\BatchFolderStarter.csproj", "{92CF99DD-0FDF-46DB-BACD-A0F575890328}"
EndProject
Global
	GlobalSection(SolutionConfigurationPlatforms) = preSolution
		Debug|Any CPU = Debug|Any CPU
		Release|Any CPU = Release|Any CPU
	EndGlobalSection
	GlobalSection(ProjectConfigurationPlatforms) = postSolution
		{92CF99DD-0FDF-46DB-BACD-A0F575890328}.Debug|Any CPU.ActiveCfg = Debug|Any CPU
		{92CF99DD-0FDF-46DB-BACD-A0F575890328}.Debug|Any CPU.Build.0 = Debug|Any CPU
		{92CF99DD-0FDF-46DB-BACD-A0F575890328}.Release|Any CPU.ActiveCfg = Release|Any CPU
		{92CF99DD-0FDF-46DB-BACD-A0F575890328}.Release|Any CPU.Build.0 = Release|Any CPU
	EndGlobalSection
	GlobalSection(SolutionProperties) = preSolution
		HideSolutionNode = FALSE
	EndGlobalSection
	GlobalSection(ExtensibilityGlobals) = postSolution
		SolutionGuid = {7A425AD8-E56E-449A-89D6-901A3BCBA1D9}
	EndGlobalSection
EndGlobal
